lockfileVersion: 5.4

specifiers:
  prettier: ^2.8.2
  tinybase: ^2.2.6
  typescript: ^4.9.4

devDependencies:
  prettier: 2.8.2
  tinybase: 2.2.6_prettier@2.8.2
  typescript: 4.9.4

packages:

  /prettier/2.8.2:
    resolution: {integrity: sha512-BtRV9BcncDyI2tsuS19zzhzoxD8Dh8LiCx7j7tHzrkz8GFXAexeWFdi22mjE1d16dftH2qNaytVxqiRTGlMfpw==}
    engines: {node: '>=10.13.0'}
    hasBin: true
    dev: true

  /tinybase/2.2.6_prettier@2.8.2:
    resolution: {integrity: sha512-iexEaHJIB24Zj8ywPpMxDd0MYripjeh64R3ph1RSo8SQyTCveck7l2Mxdp6WCNHu0OUEdB+gFNS2NQKkSUDUkQ==}
    hasBin: true
    peerDependencies:
      prettier: ^2.0.0
      react: '>=17.0.0'
    peerDependenciesMeta:
      prettier:
        optional: true
      react:
        optional: true
    dependencies:
      prettier: 2.8.2
    dev: true

  /typescript/4.9.4:
    resolution: {integrity: sha512-Uz+dTXYzxXXbsFpM86Wh3dKCxrQqUcVMxwU54orwlJjOpO3ao8L7j5lH+dWfTwgCwIuM9GQ2kvVotzYJMXTBZg==}
    engines: {node: '>=4.2.0'}
    hasBin: true
    dev: true
